// !$*UTF8*$!
{
	archiveVersion = 1;
	classes = {
	};
	objectVersion = 60;
	objects = {

/* Begin PBXBuildFile section */
		0EF81E9F524DC1CA0320CE9E /* Font+Bold.swift in Sources */ = {isa = PBXBuildFile; fileRef = 96776A7E984760375BA9B1E5 /* Font+Bold.swift */; };
		24B09C10BB2ACD592DFCBC82 /* CheckView.swift in Sources */ = {isa = PBXBuildFile; fileRef = A0DF0E9B24EC1844DD7B27FC /* CheckView.swift */; };
		35841A51A063AEA49013502E /* RoundedCorner.swift in Sources */ = {isa = PBXBuildFile; fileRef = 4630839F82F9E932C7DAAE6F /* RoundedCorner.swift */; };
		42E62682E90F9E339819D82B /* QueryListViewModel.swift in Sources */ = {isa = PBXBuildFile; fileRef = 8F3ABB716FE933C05853A152 /* QueryListViewModel.swift */; };
		61EA1E0C7C4EFC9E2B4FDF97 /* ObjectRowView.swift in Sources */ = {isa = PBXBuildFile; fileRef = DC9D21E1E5943AB859D947F5 /* ObjectRowView.swift */; };
		6378A96B55FEBA7B73258457 /* QueryView.swift in Sources */ = {isa = PBXBuildFile; fileRef = ABE7A3AE1F7EEA9CBF6A3BD8 /* QueryView.swift */; };
		6D2D22A51431AB7E4D5105BF /* ObjectTitleView.swift in Sources */ = {isa = PBXBuildFile; fileRef = 7F48C76C3B6F94EEEDCE7894 /* ObjectTitleView.swift */; };
		762CA0C761FE1FD50B2FBAFC /* ObjectListView.swift in Sources */ = {isa = PBXBuildFile; fileRef = 4E6FDDD3292567621B828110 /* ObjectListView.swift */; };
		7F7474E3246BFECA924BE4D8 /* QueryHeader.swift in Sources */ = {isa = PBXBuildFile; fileRef = D09C032C7518F092CAE01E28 /* QueryHeader.swift */; };
		868226D0C6E37ED9E32150E4 /* QueryList.swift in Sources */ = {isa = PBXBuildFile; fileRef = 43EF7033B1C7FAA51DE7CD80 /* QueryList.swift */; };
		8C0BAEC8C81F7904F280E2F3 /* Query.swift in Sources */ = {isa = PBXBuildFile; fileRef = F4BA7B7B8FAAC49B0B41883B /* Query.swift */; };
		8F7152289F8C03B189D34AB0 /* RequestMethod.swift in Sources */ = {isa = PBXBuildFile; fileRef = 18185D18FA18B50C2D1B80F0 /* RequestMethod.swift */; };
		B19655F1B68A07DFBB32C760 /* QueryViewModel.swift in Sources */ = {isa = PBXBuildFile; fileRef = C7AFAFF6C2C7B1C9AE57847E /* QueryViewModel.swift */; };
		B3E1A0A871D7745C11964B3B /* ObjectView.swift in Sources */ = {isa = PBXBuildFile; fileRef = 119F8534D1C17A6B7227A75C /* ObjectView.swift */; };
		D316D8906A3D1AA86CFA8950 /* LazyValue.swift in Sources */ = {isa = PBXBuildFile; fileRef = 09037E843EA3D438D541626A /* LazyValue.swift */; };
		D4C67FF6C70374EC0E31BBE4 /* ObjectPropertyLens.swift in Sources */ = {isa = PBXBuildFile; fileRef = C378EFC42CAA0613FDF0E56D /* ObjectPropertyLens.swift */; };
		F24F9E76D13F0703C42450F4 /* Any+Merging.swift in Sources */ = {isa = PBXBuildFile; fileRef = 155FEAE2B1A4C94FEB287769 /* Any+Merging.swift */; };
		F71F6FC8D848D4B385C6EE25 /* Emojis.swift in Sources */ = {isa = PBXBuildFile; fileRef = A40448818D1C95157B8B5F4E /* Emojis.swift */; };
		FB546B705077976697C21BED /* ValueLoader.swift in Sources */ = {isa = PBXBuildFile; fileRef = F41F5283CD40F41FE55FE3B3 /* ValueLoader.swift */; };
		FC3284B82B7CEBF700DBBB5F /* JSONQuery.swift in Sources */ = {isa = PBXBuildFile; fileRef = FC3284B72B7CEBF700DBBB5F /* JSONQuery.swift */; };
		FC3284C42B7CEDE000DBBB5F /* DatapilotTests.swift in Sources */ = {isa = PBXBuildFile; fileRef = FC3284C32B7CEDE000DBBB5F /* DatapilotTests.swift */; };
		FC850B572B7CF990007294D3 /* jmespath.js in Resources */ = {isa = PBXBuildFile; fileRef = FC850B562B7CF990007294D3 /* jmespath.js */; };
		FC850B5C2B7DD2CA007294D3 /* ObjectDebugView.swift in Sources */ = {isa = PBXBuildFile; fileRef = FC850B5B2B7DD2CA007294D3 /* ObjectDebugView.swift */; };
		FCD756FF43AFE2F690584518 /* Published+UserDefaults.swift in Sources */ = {isa = PBXBuildFile; fileRef = CFB7B01205C3E778DE44566A /* Published+UserDefaults.swift */; };
		FCE969682B6B5F1A00748A3A /* DatapilotApp.swift in Sources */ = {isa = PBXBuildFile; fileRef = FCE969672B6B5F1A00748A3A /* DatapilotApp.swift */; };
		FCE9696A2B6B5F1A00748A3A /* ContentView.swift in Sources */ = {isa = PBXBuildFile; fileRef = FCE969692B6B5F1A00748A3A /* ContentView.swift */; };
		FCE9696C2B6B5F2000748A3A /* Assets.xcassets in Resources */ = {isa = PBXBuildFile; fileRef = FCE9696B2B6B5F2000748A3A /* Assets.xcassets */; };
		FCE969702B6B5F2000748A3A /* Preview Assets.xcassets in Resources */ = {isa = PBXBuildFile; fileRef = FCE9696F2B6B5F2000748A3A /* Preview Assets.xcassets */; };
		FCE969782B6B92D000748A3A /* DylKit in Frameworks */ = {isa = PBXBuildFile; productRef = FCE969772B6B92D000748A3A /* DylKit */; };
		FCE969852B6BCBEB00748A3A /* Dictionary+Title.swift in Sources */ = {isa = PBXBuildFile; fileRef = FCE969842B6BCBEB00748A3A /* Dictionary+Title.swift */; };
		FCE9698B2B6BCC2C00748A3A /* Urlified.swift in Sources */ = {isa = PBXBuildFile; fileRef = FCE9698A2B6BCC2C00748A3A /* Urlified.swift */; };
		FCE9698D2B6BCC3F00748A3A /* IsContainer.swift in Sources */ = {isa = PBXBuildFile; fileRef = FCE9698C2B6BCC3F00748A3A /* IsContainer.swift */; };
		FCE9698F2B6BCC6A00748A3A /* ContentViewModel.swift in Sources */ = {isa = PBXBuildFile; fileRef = FCE9698E2B6BCC6A00748A3A /* ContentViewModel.swift */; };
		FCF1F0032D4AFBC70058282A /* jmespath_extensions.js in Resources */ = {isa = PBXBuildFile; fileRef = FCF1F0022D4AFBC70058282A /* jmespath_extensions.js */; };
/* End PBXBuildFile section */

/* Begin PBXContainerItemProxy section */
		FC3284C52B7CEDE000DBBB5F /* PBXContainerItemProxy */ = {
			isa = PBXContainerItemProxy;
			containerPortal = FCE9695C2B6B5F1A00748A3A /* Project object */;
			proxyType = 1;
			remoteGlobalIDString = FCE969632B6B5F1A00748A3A;
			remoteInfo = Datapilot;
		};
/* End PBXContainerItemProxy section */

/* Begin PBXFileReference section */
		09037E843EA3D438D541626A /* LazyValue.swift */ = {isa = PBXFileReference; includeInIndex = 1; lastKnownFileType = sourcecode.swift; path = LazyValue.swift; sourceTree = "<group>"; };
		119F8534D1C17A6B7227A75C /* ObjectView.swift */ = {isa = PBXFileReference; includeInIndex = 1; lastKnownFileType = sourcecode.swift; path = ObjectView.swift; sourceTree = "<group>"; };
		155FEAE2B1A4C94FEB287769 /* Any+Merging.swift */ = {isa = PBXFileReference; includeInIndex = 1; lastKnownFileType = sourcecode.swift; path = "Any+Merging.swift"; sourceTree = "<group>"; };
		18185D18FA18B50C2D1B80F0 /* RequestMethod.swift */ = {isa = PBXFileReference; includeInIndex = 1; lastKnownFileType = sourcecode.swift; path = RequestMethod.swift; sourceTree = "<group>"; };
		43EF7033B1C7FAA51DE7CD80 /* QueryList.swift */ = {isa = PBXFileReference; includeInIndex = 1; lastKnownFileType = sourcecode.swift; path = QueryList.swift; sourceTree = "<group>"; };
		4630839F82F9E932C7DAAE6F /* RoundedCorner.swift */ = {isa = PBXFileReference; includeInIndex = 1; lastKnownFileType = sourcecode.swift; path = RoundedCorner.swift; sourceTree = "<group>"; };
		4E6FDDD3292567621B828110 /* ObjectListView.swift */ = {isa = PBXFileReference; includeInIndex = 1; lastKnownFileType = sourcecode.swift; path = ObjectListView.swift; sourceTree = "<group>"; };
		7F48C76C3B6F94EEEDCE7894 /* ObjectTitleView.swift */ = {isa = PBXFileReference; includeInIndex = 1; lastKnownFileType = sourcecode.swift; path = ObjectTitleView.swift; sourceTree = "<group>"; };
		8F3ABB716FE933C05853A152 /* QueryListViewModel.swift */ = {isa = PBXFileReference; includeInIndex = 1; lastKnownFileType = sourcecode.swift; path = QueryListViewModel.swift; sourceTree = "<group>"; };
		96776A7E984760375BA9B1E5 /* Font+Bold.swift */ = {isa = PBXFileReference; includeInIndex = 1; lastKnownFileType = sourcecode.swift; path = "Font+Bold.swift"; sourceTree = "<group>"; };
		A0DF0E9B24EC1844DD7B27FC /* CheckView.swift */ = {isa = PBXFileReference; includeInIndex = 1; lastKnownFileType = sourcecode.swift; path = CheckView.swift; sourceTree = "<group>"; };
		A40448818D1C95157B8B5F4E /* Emojis.swift */ = {isa = PBXFileReference; includeInIndex = 1; lastKnownFileType = sourcecode.swift; path = Emojis.swift; sourceTree = "<group>"; };
		ABE7A3AE1F7EEA9CBF6A3BD8 /* QueryView.swift */ = {isa = PBXFileReference; includeInIndex = 1; lastKnownFileType = sourcecode.swift; path = QueryView.swift; sourceTree = "<group>"; };
		C378EFC42CAA0613FDF0E56D /* ObjectPropertyLens.swift */ = {isa = PBXFileReference; includeInIndex = 1; lastKnownFileType = sourcecode.swift; path = ObjectPropertyLens.swift; sourceTree = "<group>"; };
		C7AFAFF6C2C7B1C9AE57847E /* QueryViewModel.swift */ = {isa = PBXFileReference; includeInIndex = 1; lastKnownFileType = sourcecode.swift; path = QueryViewModel.swift; sourceTree = "<group>"; };
		CFB7B01205C3E778DE44566A /* Published+UserDefaults.swift */ = {isa = PBXFileReference; includeInIndex = 1; lastKnownFileType = sourcecode.swift; path = "Published+UserDefaults.swift"; sourceTree = "<group>"; };
		D09C032C7518F092CAE01E28 /* QueryHeader.swift */ = {isa = PBXFileReference; includeInIndex = 1; lastKnownFileType = sourcecode.swift; path = QueryHeader.swift; sourceTree = "<group>"; };
		DC9D21E1E5943AB859D947F5 /* ObjectRowView.swift */ = {isa = PBXFileReference; includeInIndex = 1; lastKnownFileType = sourcecode.swift; path = ObjectRowView.swift; sourceTree = "<group>"; };
		F41F5283CD40F41FE55FE3B3 /* ValueLoader.swift */ = {isa = PBXFileReference; includeInIndex = 1; lastKnownFileType = sourcecode.swift; path = ValueLoader.swift; sourceTree = "<group>"; };
		F4BA7B7B8FAAC49B0B41883B /* Query.swift */ = {isa = PBXFileReference; includeInIndex = 1; lastKnownFileType = sourcecode.swift; path = Query.swift; sourceTree = "<group>"; };
		FC3284B72B7CEBF700DBBB5F /* JSONQuery.swift */ = {isa = PBXFileReference; lastKnownFileType = sourcecode.swift; path = JSONQuery.swift; sourceTree = "<group>"; };
		FC3284C12B7CEDE000DBBB5F /* DatapilotTests.xctest */ = {isa = PBXFileReference; explicitFileType = wrapper.cfbundle; includeInIndex = 0; path = DatapilotTests.xctest; sourceTree = BUILT_PRODUCTS_DIR; };
		FC3284C32B7CEDE000DBBB5F /* DatapilotTests.swift */ = {isa = PBXFileReference; lastKnownFileType = sourcecode.swift; path = DatapilotTests.swift; sourceTree = "<group>"; };
		FC850B562B7CF990007294D3 /* jmespath.js */ = {isa = PBXFileReference; fileEncoding = 4; lastKnownFileType = sourcecode.javascript; path = jmespath.js; sourceTree = "<group>"; };
		FC850B5B2B7DD2CA007294D3 /* ObjectDebugView.swift */ = {isa = PBXFileReference; lastKnownFileType = sourcecode.swift; path = ObjectDebugView.swift; sourceTree = "<group>"; };
		FCE969642B6B5F1A00748A3A /* Datapilot.app */ = {isa = PBXFileReference; explicitFileType = wrapper.application; includeInIndex = 0; path = Datapilot.app; sourceTree = BUILT_PRODUCTS_DIR; };
		FCE969672B6B5F1A00748A3A /* DatapilotApp.swift */ = {isa = PBXFileReference; lastKnownFileType = sourcecode.swift; path = DatapilotApp.swift; sourceTree = "<group>"; };
		FCE969692B6B5F1A00748A3A /* ContentView.swift */ = {isa = PBXFileReference; lastKnownFileType = sourcecode.swift; path = ContentView.swift; sourceTree = "<group>"; };
		FCE9696B2B6B5F2000748A3A /* Assets.xcassets */ = {isa = PBXFileReference; lastKnownFileType = folder.assetcatalog; path = Assets.xcassets; sourceTree = "<group>"; };
		FCE9696D2B6B5F2000748A3A /* Datapilot.entitlements */ = {isa = PBXFileReference; lastKnownFileType = text.plist.entitlements; path = Datapilot.entitlements; sourceTree = "<group>"; };
		FCE9696F2B6B5F2000748A3A /* Preview Assets.xcassets */ = {isa = PBXFileReference; lastKnownFileType = folder.assetcatalog; path = "Preview Assets.xcassets"; sourceTree = "<group>"; };
		FCE969842B6BCBEB00748A3A /* Dictionary+Title.swift */ = {isa = PBXFileReference; lastKnownFileType = sourcecode.swift; path = "Dictionary+Title.swift"; sourceTree = "<group>"; };
		FCE9698A2B6BCC2C00748A3A /* Urlified.swift */ = {isa = PBXFileReference; lastKnownFileType = sourcecode.swift; path = Urlified.swift; sourceTree = "<group>"; };
		FCE9698C2B6BCC3F00748A3A /* IsContainer.swift */ = {isa = PBXFileReference; lastKnownFileType = sourcecode.swift; path = IsContainer.swift; sourceTree = "<group>"; };
		FCE9698E2B6BCC6A00748A3A /* ContentViewModel.swift */ = {isa = PBXFileReference; lastKnownFileType = sourcecode.swift; path = ContentViewModel.swift; sourceTree = "<group>"; };
		FCF1F0022D4AFBC70058282A /* jmespath_extensions.js */ = {isa = PBXFileReference; lastKnownFileType = sourcecode.javascript; path = jmespath_extensions.js; sourceTree = "<group>"; };
/* End PBXFileReference section */

/* Begin PBXFrameworksBuildPhase section */
		FC3284BE2B7CEDE000DBBB5F /* Frameworks */ = {
			isa = PBXFrameworksBuildPhase;
			buildActionMask = 2147483647;
			files = (
			);
			runOnlyForDeploymentPostprocessing = 0;
		};
		FCE969612B6B5F1A00748A3A /* Frameworks */ = {
			isa = PBXFrameworksBuildPhase;
			buildActionMask = 2147483647;
			files = (
				FCE969782B6B92D000748A3A /* DylKit in Frameworks */,
			);
			runOnlyForDeploymentPostprocessing = 0;
		};
/* End PBXFrameworksBuildPhase section */

/* Begin PBXGroup section */
		3C8E05D187AEB0FAEF990C9B /* Query List */ = {
			isa = PBXGroup;
			children = (
				43EF7033B1C7FAA51DE7CD80 /* QueryList.swift */,
				8F3ABB716FE933C05853A152 /* QueryListViewModel.swift */,
			);
			path = "Query List";
			sourceTree = "<group>";
		};
		8317D019291A205508F8AA93 /* Lenses */ = {
			isa = PBXGroup;
			children = (
				C378EFC42CAA0613FDF0E56D /* ObjectPropertyLens.swift */,
			);
			path = Lenses;
			sourceTree = "<group>";
		};
		8FD18D32623FF39A1AE97A07 /* Query View */ = {
			isa = PBXGroup;
			children = (
				ABE7A3AE1F7EEA9CBF6A3BD8 /* QueryView.swift */,
				C7AFAFF6C2C7B1C9AE57847E /* QueryViewModel.swift */,
			);
			path = "Query View";
			sourceTree = "<group>";
		};
		9F4AE931B620719C8830CA20 /* Components */ = {
			isa = PBXGroup;
			children = (
				09037E843EA3D438D541626A /* LazyValue.swift */,
				4630839F82F9E932C7DAAE6F /* RoundedCorner.swift */,
				A0DF0E9B24EC1844DD7B27FC /* CheckView.swift */,
				F41F5283CD40F41FE55FE3B3 /* ValueLoader.swift */,
			);
			path = Components;
			sourceTree = "<group>";
		};
		E6BBD2D9537CC2EA7A89DFA1 /* Query */ = {
			isa = PBXGroup;
			children = (
				F4BA7B7B8FAAC49B0B41883B /* Query.swift */,
				D09C032C7518F092CAE01E28 /* QueryHeader.swift */,
				18185D18FA18B50C2D1B80F0 /* RequestMethod.swift */,
			);
			path = Query;
			sourceTree = "<group>";
		};
		F92E64C6F5430963BB21DF11 /* Data Views */ = {
			isa = PBXGroup;
			children = (
				7F48C76C3B6F94EEEDCE7894 /* ObjectTitleView.swift */,
				DC9D21E1E5943AB859D947F5 /* ObjectRowView.swift */,
				4E6FDDD3292567621B828110 /* ObjectListView.swift */,
				119F8534D1C17A6B7227A75C /* ObjectView.swift */,
			);
			path = "Data Views";
			sourceTree = "<group>";
		};
		FC3284B62B7CEBDD00DBBB5F /* JSON Query */ = {
			isa = PBXGroup;
			children = (
				FC850B562B7CF990007294D3 /* jmespath.js */,
				FCF1F0022D4AFBC70058282A /* jmespath_extensions.js */,
				FC3284B72B7CEBF700DBBB5F /* JSONQuery.swift */,
			);
			path = "JSON Query";
			sourceTree = "<group>";
		};
		FC3284C22B7CEDE000DBBB5F /* DatapilotTests */ = {
			isa = PBXGroup;
			children = (
				FC3284C32B7CEDE000DBBB5F /* DatapilotTests.swift */,
			);
			path = DatapilotTests;
			sourceTree = "<group>";
		};
		FC850B5A2B7DD2BB007294D3 /* Object Debug View */ = {
			isa = PBXGroup;
			children = (
				FC850B5B2B7DD2CA007294D3 /* ObjectDebugView.swift */,
			);
			path = "Object Debug View";
			sourceTree = "<group>";
		};
		FCE9695B2B6B5F1A00748A3A = {
			isa = PBXGroup;
			children = (
				FCE969662B6B5F1A00748A3A /* Datapilot */,
				FC3284C22B7CEDE000DBBB5F /* DatapilotTests */,
				FCE969652B6B5F1A00748A3A /* Products */,
			);
			sourceTree = "<group>";
		};
		FCE969652B6B5F1A00748A3A /* Products */ = {
			isa = PBXGroup;
			children = (
				FCE969642B6B5F1A00748A3A /* Datapilot.app */,
				FC3284C12B7CEDE000DBBB5F /* DatapilotTests.xctest */,
			);
			name = Products;
			sourceTree = "<group>";
		};
		FCE969662B6B5F1A00748A3A /* Datapilot */ = {
			isa = PBXGroup;
			children = (
				FCE969672B6B5F1A00748A3A /* DatapilotApp.swift */,
				FCE969892B6BCC1600748A3A /* Model */,
				FCE969862B6BCBFF00748A3A /* UI */,
				FCE969882B6BCC0E00748A3A /* Extensions */,
				FCE9696B2B6B5F2000748A3A /* Assets.xcassets */,
				FCE9696D2B6B5F2000748A3A /* Datapilot.entitlements */,
				FCE9696E2B6B5F2000748A3A /* Preview Content */,
			);
			path = Datapilot;
			sourceTree = "<group>";
		};
		FCE9696E2B6B5F2000748A3A /* Preview Content */ = {
			isa = PBXGroup;
			children = (
				FCE9696F2B6B5F2000748A3A /* Preview Assets.xcassets */,
			);
			path = "Preview Content";
			sourceTree = "<group>";
		};
		FCE969832B6BCBC800748A3A /* Screens */ = {
			isa = PBXGroup;
			children = (
				FC850B5A2B7DD2BB007294D3 /* Object Debug View */,
				FCE969902B6BCC7300748A3A /* Content View */,
				8FD18D32623FF39A1AE97A07 /* Query View */,
				3C8E05D187AEB0FAEF990C9B /* Query List */,
			);
			path = Screens;
			sourceTree = "<group>";
		};
		FCE969862B6BCBFF00748A3A /* UI */ = {
			isa = PBXGroup;
			children = (
				FCE969832B6BCBC800748A3A /* Screens */,
				FCE969872B6BCC0600748A3A /* Views */,
			);
			path = UI;
			sourceTree = "<group>";
		};
		FCE969872B6BCC0600748A3A /* Views */ = {
			isa = PBXGroup;
			children = (
				9F4AE931B620719C8830CA20 /* Components */,
				F92E64C6F5430963BB21DF11 /* Data Views */,
			);
			path = Views;
			sourceTree = "<group>";
		};
		FCE969882B6BCC0E00748A3A /* Extensions */ = {
			isa = PBXGroup;
			children = (
				FCE969842B6BCBEB00748A3A /* Dictionary+Title.swift */,
				FCE9698C2B6BCC3F00748A3A /* IsContainer.swift */,
				FCE9698A2B6BCC2C00748A3A /* Urlified.swift */,
				CFB7B01205C3E778DE44566A /* Published+UserDefaults.swift */,
				A40448818D1C95157B8B5F4E /* Emojis.swift */,
				96776A7E984760375BA9B1E5 /* Font+Bold.swift */,
				155FEAE2B1A4C94FEB287769 /* Any+Merging.swift */,
			);
			path = Extensions;
			sourceTree = "<group>";
		};
		FCE969892B6BCC1600748A3A /* Model */ = {
			isa = PBXGroup;
			children = (
				FC3284B62B7CEBDD00DBBB5F /* JSON Query */,
				E6BBD2D9537CC2EA7A89DFA1 /* Query */,
				8317D019291A205508F8AA93 /* Lenses */,
			);
			path = Model;
			sourceTree = "<group>";
		};
		FCE969902B6BCC7300748A3A /* Content View */ = {
			isa = PBXGroup;
			children = (
				FCE969692B6B5F1A00748A3A /* ContentView.swift */,
				FCE9698E2B6BCC6A00748A3A /* ContentViewModel.swift */,
			);
			path = "Content View";
			sourceTree = "<group>";
		};
/* End PBXGroup section */

/* Begin PBXNativeTarget section */
		FC3284C02B7CEDE000DBBB5F /* DatapilotTests */ = {
			isa = PBXNativeTarget;
			buildConfigurationList = FC3284C72B7CEDE000DBBB5F /* Build configuration list for PBXNativeTarget "DatapilotTests" */;
			buildPhases = (
				FC3284BD2B7CEDE000DBBB5F /* Sources */,
				FC3284BE2B7CEDE000DBBB5F /* Frameworks */,
				FC3284BF2B7CEDE000DBBB5F /* Resources */,
			);
			buildRules = (
			);
			dependencies = (
				FC3284C62B7CEDE000DBBB5F /* PBXTargetDependency */,
			);
			name = DatapilotTests;
			productName = DatapilotTests;
			productReference = FC3284C12B7CEDE000DBBB5F /* DatapilotTests.xctest */;
			productType = "com.apple.product-type.bundle.unit-test";
		};
		FCE969632B6B5F1A00748A3A /* Datapilot */ = {
			isa = PBXNativeTarget;
			buildConfigurationList = FCE969732B6B5F2000748A3A /* Build configuration list for PBXNativeTarget "Datapilot" */;
			buildPhases = (
				FCE969602B6B5F1A00748A3A /* Sources */,
				FCE969612B6B5F1A00748A3A /* Frameworks */,
				FCE969622B6B5F1A00748A3A /* Resources */,
			);
			buildRules = (
			);
			dependencies = (
			);
			name = Datapilot;
			packageProductDependencies = (
				FCE969772B6B92D000748A3A /* DylKit */,
			);
			productName = Datapilot;
			productReference = FCE969642B6B5F1A00748A3A /* Datapilot.app */;
			productType = "com.apple.product-type.application";
		};
/* End PBXNativeTarget section */

/* Begin PBXProject section */
		FCE9695C2B6B5F1A00748A3A /* Project object */ = {
			isa = PBXProject;
			attributes = {
				BuildIndependentTargetsInParallel = 1;
				LastSwiftUpdateCheck = 1500;
				LastUpgradeCheck = 1500;
				TargetAttributes = {
					FC3284C02B7CEDE000DBBB5F = {
						CreatedOnToolsVersion = 15.0.1;
						TestTargetID = FCE969632B6B5F1A00748A3A;
					};
					FCE969632B6B5F1A00748A3A = {
						CreatedOnToolsVersion = 15.0.1;
					};
				};
			};
			buildConfigurationList = FCE9695F2B6B5F1A00748A3A /* Build configuration list for PBXProject "Datapilot" */;
			compatibilityVersion = "Xcode 14.0";
			developmentRegion = en;
			hasScannedForEncodings = 0;
			knownRegions = (
				en,
				Base,
			);
			mainGroup = FCE9695B2B6B5F1A00748A3A;
			packageReferences = (
				FCE969762B6B92D000748A3A /* XCLocalSwiftPackageReference "../DylKit" */,
			);
			productRefGroup = FCE969652B6B5F1A00748A3A /* Products */;
			projectDirPath = "";
			projectRoot = "";
			targets = (
				FCE969632B6B5F1A00748A3A /* Datapilot */,
				FC3284C02B7CEDE000DBBB5F /* DatapilotTests */,
			);
		};
/* End PBXProject section */

/* Begin PBXResourcesBuildPhase section */
		FC3284BF2B7CEDE000DBBB5F /* Resources */ = {
			isa = PBXResourcesBuildPhase;
			buildActionMask = 2147483647;
			files = (
			);
			runOnlyForDeploymentPostprocessing = 0;
		};
		FCE969622B6B5F1A00748A3A /* Resources */ = {
			isa = PBXResourcesBuildPhase;
			buildActionMask = 2147483647;
			files = (
				FCF1F0032D4AFBC70058282A /* jmespath_extensions.js in Resources */,
				FCE969702B6B5F2000748A3A /* Preview Assets.xcassets in Resources */,
				FCE9696C2B6B5F2000748A3A /* Assets.xcassets in Resources */,
				FC850B572B7CF990007294D3 /* jmespath.js in Resources */,
			);
			runOnlyForDeploymentPostprocessing = 0;
		};
/* End PBXResourcesBuildPhase section */

/* Begin PBXSourcesBuildPhase section */
		FC3284BD2B7CEDE000DBBB5F /* Sources */ = {
			isa = PBXSourcesBuildPhase;
			buildActionMask = 2147483647;
			files = (
				FC3284C42B7CEDE000DBBB5F /* DatapilotTests.swift in Sources */,
			);
			runOnlyForDeploymentPostprocessing = 0;
		};
		FCE969602B6B5F1A00748A3A /* Sources */ = {
			isa = PBXSourcesBuildPhase;
			buildActionMask = 2147483647;
			files = (
				FCE9696A2B6B5F1A00748A3A /* ContentView.swift in Sources */,
				FCE9698D2B6BCC3F00748A3A /* IsContainer.swift in Sources */,
				FC3284B82B7CEBF700DBBB5F /* JSONQuery.swift in Sources */,
				FCE9698B2B6BCC2C00748A3A /* Urlified.swift in Sources */,
				FCE969682B6B5F1A00748A3A /* DatapilotApp.swift in Sources */,
				FCE969852B6BCBEB00748A3A /* Dictionary+Title.swift in Sources */,
				FC850B5C2B7DD2CA007294D3 /* ObjectDebugView.swift in Sources */,
				FCE9698F2B6BCC6A00748A3A /* ContentViewModel.swift in Sources */,
				D316D8906A3D1AA86CFA8950 /* LazyValue.swift in Sources */,
				35841A51A063AEA49013502E /* RoundedCorner.swift in Sources */,
				24B09C10BB2ACD592DFCBC82 /* CheckView.swift in Sources */,
				8C0BAEC8C81F7904F280E2F3 /* Query.swift in Sources */,
				7F7474E3246BFECA924BE4D8 /* QueryHeader.swift in Sources */,
				6378A96B55FEBA7B73258457 /* QueryView.swift in Sources */,
				B19655F1B68A07DFBB32C760 /* QueryViewModel.swift in Sources */,
				868226D0C6E37ED9E32150E4 /* QueryList.swift in Sources */,
				42E62682E90F9E339819D82B /* QueryListViewModel.swift in Sources */,
				FCD756FF43AFE2F690584518 /* Published+UserDefaults.swift in Sources */,
				F71F6FC8D848D4B385C6EE25 /* Emojis.swift in Sources */,
				0EF81E9F524DC1CA0320CE9E /* Font+Bold.swift in Sources */,
				6D2D22A51431AB7E4D5105BF /* ObjectTitleView.swift in Sources */,
				D4C67FF6C70374EC0E31BBE4 /* ObjectPropertyLens.swift in Sources */,
				8F7152289F8C03B189D34AB0 /* RequestMethod.swift in Sources */,
				FB546B705077976697C21BED /* ValueLoader.swift in Sources */,
				61EA1E0C7C4EFC9E2B4FDF97 /* ObjectRowView.swift in Sources */,
				762CA0C761FE1FD50B2FBAFC /* ObjectListView.swift in Sources */,
				B3E1A0A871D7745C11964B3B /* ObjectView.swift in Sources */,
				F24F9E76D13F0703C42450F4 /* Any+Merging.swift in Sources */,
			);
			runOnlyForDeploymentPostprocessing = 0;
		};
/* End PBXSourcesBuildPhase section */

/* Begin PBXTargetDependency section */
		FC3284C62B7CEDE000DBBB5F /* PBXTargetDependency */ = {
			isa = PBXTargetDependency;
			target = FCE969632B6B5F1A00748A3A /* Datapilot */;
			targetProxy = FC3284C52B7CEDE000DBBB5F /* PBXContainerItemProxy */;
		};
/* End PBXTargetDependency section */

/* Begin XCBuildConfiguration section */
		FC3284C82B7CEDE000DBBB5F /* Debug */ = {
			isa = XCBuildConfiguration;
			buildSettings = {
				BUNDLE_LOADER = "$(TEST_HOST)";
				CODE_SIGN_STYLE = Automatic;
				CURRENT_PROJECT_VERSION = 1;
				DEVELOPMENT_TEAM = 6CW3378X23;
				GENERATE_INFOPLIST_FILE = YES;
				IPHONEOS_DEPLOYMENT_TARGET = 16.0;
				MARKETING_VERSION = 1.0;
				PRODUCT_BUNDLE_IDENTIFIER = com.dylan.DatapilotTests;
				PRODUCT_NAME = "$(TARGET_NAME)";
				SDKROOT = iphoneos;
				SWIFT_EMIT_LOC_STRINGS = NO;
				SWIFT_VERSION = 5.0;
				TARGETED_DEVICE_FAMILY = "1,2";
				TEST_HOST = "$(BUILT_PRODUCTS_DIR)/Datapilot.app/$(BUNDLE_EXECUTABLE_FOLDER_PATH)/Datapilot";
			};
			name = Debug;
		};
		FC3284C92B7CEDE000DBBB5F /* Release */ = {
			isa = XCBuildConfiguration;
			buildSettings = {
				BUNDLE_LOADER = "$(TEST_HOST)";
				CODE_SIGN_STYLE = Automatic;
				CURRENT_PROJECT_VERSION = 1;
				DEVELOPMENT_TEAM = 6CW3378X23;
				GENERATE_INFOPLIST_FILE = YES;
				IPHONEOS_DEPLOYMENT_TARGET = 16.0;
				MARKETING_VERSION = 1.0;
				PRODUCT_BUNDLE_IDENTIFIER = com.dylan.DatapilotTests;
				PRODUCT_NAME = "$(TARGET_NAME)";
				SDKROOT = iphoneos;
				SWIFT_EMIT_LOC_STRINGS = NO;
				SWIFT_VERSION = 5.0;
				TARGETED_DEVICE_FAMILY = "1,2";
				TEST_HOST = "$(BUILT_PRODUCTS_DIR)/Datapilot.app/$(BUNDLE_EXECUTABLE_FOLDER_PATH)/Datapilot";
				VALIDATE_PRODUCT = YES;
			};
			name = Release;
		};
		FCE969712B6B5F2000748A3A /* Debug */ = {
			isa = XCBuildConfiguration;
			buildSettings = {
				ALWAYS_SEARCH_USER_PATHS = NO;
				ASSETCATALOG_COMPILER_GENERATE_SWIFT_ASSET_SYMBOL_EXTENSIONS = YES;
				CLANG_ANALYZER_NONNULL = YES;
				CLANG_ANALYZER_NUMBER_OBJECT_CONVERSION = YES_AGGRESSIVE;
				CLANG_CXX_LANGUAGE_STANDARD = "gnu++20";
				CLANG_ENABLE_MODULES = YES;
				CLANG_ENABLE_OBJC_ARC = YES;
				CLANG_ENABLE_OBJC_WEAK = YES;
				CLANG_WARN_BLOCK_CAPTURE_AUTORELEASING = YES;
				CLANG_WARN_BOOL_CONVERSION = YES;
				CLANG_WARN_COMMA = YES;
				CLANG_WARN_CONSTANT_CONVERSION = YES;
				CLANG_WARN_DEPRECATED_OBJC_IMPLEMENTATIONS = YES;
				CLANG_WARN_DIRECT_OBJC_ISA_USAGE = YES_ERROR;
				CLANG_WARN_DOCUMENTATION_COMMENTS = YES;
				CLANG_WARN_EMPTY_BODY = YES;
				CLANG_WARN_ENUM_CONVERSION = YES;
				CLANG_WARN_INFINITE_RECURSION = YES;
				CLANG_WARN_INT_CONVERSION = YES;
				CLANG_WARN_NON_LITERAL_NULL_CONVERSION = YES;
				CLANG_WARN_OBJC_IMPLICIT_RETAIN_SELF = YES;
				CLANG_WARN_OBJC_LITERAL_CONVERSION = YES;
				CLANG_WARN_OBJC_ROOT_CLASS = YES_ERROR;
				CLANG_WARN_QUOTED_INCLUDE_IN_FRAMEWORK_HEADER = YES;
				CLANG_WARN_RANGE_LOOP_ANALYSIS = YES;
				CLANG_WARN_STRICT_PROTOTYPES = YES;
				CLANG_WARN_SUSPICIOUS_MOVE = YES;
				CLANG_WARN_UNGUARDED_AVAILABILITY = YES_AGGRESSIVE;
				CLANG_WARN_UNREACHABLE_CODE = YES;
				CLANG_WARN__DUPLICATE_METHOD_MATCH = YES;
				COPY_PHASE_STRIP = NO;
				DEBUG_INFORMATION_FORMAT = dwarf;
				ENABLE_STRICT_OBJC_MSGSEND = YES;
				ENABLE_TESTABILITY = YES;
				ENABLE_USER_SCRIPT_SANDBOXING = YES;
				GCC_C_LANGUAGE_STANDARD = gnu17;
				GCC_DYNAMIC_NO_PIC = NO;
				GCC_NO_COMMON_BLOCKS = YES;
				GCC_OPTIMIZATION_LEVEL = 0;
				GCC_PREPROCESSOR_DEFINITIONS = (
					"DEBUG=1",
					"$(inherited)",
				);
				GCC_WARN_64_TO_32_BIT_CONVERSION = YES;
				GCC_WARN_ABOUT_RETURN_TYPE = YES_ERROR;
				GCC_WARN_UNDECLARED_SELECTOR = YES;
				GCC_WARN_UNINITIALIZED_AUTOS = YES_AGGRESSIVE;
				GCC_WARN_UNUSED_FUNCTION = YES;
				GCC_WARN_UNUSED_VARIABLE = YES;
				LOCALIZATION_PREFERS_STRING_CATALOGS = YES;
				MTL_ENABLE_DEBUG_INFO = INCLUDE_SOURCE;
				MTL_FAST_MATH = YES;
				ONLY_ACTIVE_ARCH = YES;
				SWIFT_ACTIVE_COMPILATION_CONDITIONS = "DEBUG $(inherited)";
				SWIFT_OPTIMIZATION_LEVEL = "-Onone";
			};
			name = Debug;
		};
		FCE969722B6B5F2000748A3A /* Release */ = {
			isa = XCBuildConfiguration;
			buildSettings = {
				ALWAYS_SEARCH_USER_PATHS = NO;
				ASSETCATALOG_COMPILER_GENERATE_SWIFT_ASSET_SYMBOL_EXTENSIONS = YES;
				CLANG_ANALYZER_NONNULL = YES;
				CLANG_ANALYZER_NUMBER_OBJECT_CONVERSION = YES_AGGRESSIVE;
				CLANG_CXX_LANGUAGE_STANDARD = "gnu++20";
				CLANG_ENABLE_MODULES = YES;
				CLANG_ENABLE_OBJC_ARC = YES;
				CLANG_ENABLE_OBJC_WEAK = YES;
				CLANG_WARN_BLOCK_CAPTURE_AUTORELEASING = YES;
				CLANG_WARN_BOOL_CONVERSION = YES;
				CLANG_WARN_COMMA = YES;
				CLANG_WARN_CONSTANT_CONVERSION = YES;
				CLANG_WARN_DEPRECATED_OBJC_IMPLEMENTATIONS = YES;
				CLANG_WARN_DIRECT_OBJC_ISA_USAGE = YES_ERROR;
				CLANG_WARN_DOCUMENTATION_COMMENTS = YES;
				CLANG_WARN_EMPTY_BODY = YES;
				CLANG_WARN_ENUM_CONVERSION = YES;
				CLANG_WARN_INFINITE_RECURSION = YES;
				CLANG_WARN_INT_CONVERSION = YES;
				CLANG_WARN_NON_LITERAL_NULL_CONVERSION = YES;
				CLANG_WARN_OBJC_IMPLICIT_RETAIN_SELF = YES;
				CLANG_WARN_OBJC_LITERAL_CONVERSION = YES;
				CLANG_WARN_OBJC_ROOT_CLASS = YES_ERROR;
				CLANG_WARN_QUOTED_INCLUDE_IN_FRAMEWORK_HEADER = YES;
				CLANG_WARN_RANGE_LOOP_ANALYSIS = YES;
				CLANG_WARN_STRICT_PROTOTYPES = YES;
				CLANG_WARN_SUSPICIOUS_MOVE = YES;
				CLANG_WARN_UNGUARDED_AVAILABILITY = YES_AGGRESSIVE;
				CLANG_WARN_UNREACHABLE_CODE = YES;
				CLANG_WARN__DUPLICATE_METHOD_MATCH = YES;
				COPY_PHASE_STRIP = NO;
				DEBUG_INFORMATION_FORMAT = "dwarf-with-dsym";
				ENABLE_NS_ASSERTIONS = NO;
				ENABLE_STRICT_OBJC_MSGSEND = YES;
				ENABLE_USER_SCRIPT_SANDBOXING = YES;
				GCC_C_LANGUAGE_STANDARD = gnu17;
				GCC_NO_COMMON_BLOCKS = YES;
				GCC_WARN_64_TO_32_BIT_CONVERSION = YES;
				GCC_WARN_ABOUT_RETURN_TYPE = YES_ERROR;
				GCC_WARN_UNDECLARED_SELECTOR = YES;
				GCC_WARN_UNINITIALIZED_AUTOS = YES_AGGRESSIVE;
				GCC_WARN_UNUSED_FUNCTION = YES;
				GCC_WARN_UNUSED_VARIABLE = YES;
				LOCALIZATION_PREFERS_STRING_CATALOGS = YES;
				MTL_ENABLE_DEBUG_INFO = NO;
				MTL_FAST_MATH = YES;
				SWIFT_COMPILATION_MODE = wholemodule;
			};
			name = Release;
		};
		FCE969742B6B5F2000748A3A /* Debug */ = {
			isa = XCBuildConfiguration;
			buildSettings = {
				ASSETCATALOG_COMPILER_APPICON_NAME = AppIcon;
				ASSETCATALOG_COMPILER_GLOBAL_ACCENT_COLOR_NAME = AccentColor;
				CODE_SIGN_ENTITLEMENTS = Datapilot/Datapilot.entitlements;
				CODE_SIGN_STYLE = Automatic;
				CURRENT_PROJECT_VERSION = 1;
				DEVELOPMENT_ASSET_PATHS = "\"Datapilot/Preview Content\"";
				DEVELOPMENT_TEAM = 6CW3378X23;
				ENABLE_HARDENED_RUNTIME = YES;
				ENABLE_PREVIEWS = YES;
				GENERATE_INFOPLIST_FILE = YES;
				"INFOPLIST_KEY_UIApplicationSceneManifest_Generation[sdk=iphoneos*]" = YES;
				"INFOPLIST_KEY_UIApplicationSceneManifest_Generation[sdk=iphonesimulator*]" = YES;
				"INFOPLIST_KEY_UIApplicationSupportsIndirectInputEvents[sdk=iphoneos*]" = YES;
				"INFOPLIST_KEY_UIApplicationSupportsIndirectInputEvents[sdk=iphonesimulator*]" = YES;
				"INFOPLIST_KEY_UILaunchScreen_Generation[sdk=iphoneos*]" = YES;
				"INFOPLIST_KEY_UILaunchScreen_Generation[sdk=iphonesimulator*]" = YES;
				"INFOPLIST_KEY_UIStatusBarStyle[sdk=iphoneos*]" = UIStatusBarStyleDefault;
				"INFOPLIST_KEY_UIStatusBarStyle[sdk=iphonesimulator*]" = UIStatusBarStyleDefault;
				INFOPLIST_KEY_UISupportedInterfaceOrientations_iPad = "UIInterfaceOrientationPortrait UIInterfaceOrientationPortraitUpsideDown UIInterfaceOrientationLandscapeLeft UIInterfaceOrientationLandscapeRight";
				INFOPLIST_KEY_UISupportedInterfaceOrientations_iPhone = "UIInterfaceOrientationPortrait UIInterfaceOrientationLandscapeLeft UIInterfaceOrientationLandscapeRight";
				IPHONEOS_DEPLOYMENT_TARGET = 16.0;
				LD_RUNPATH_SEARCH_PATHS = "@executable_path/Frameworks";
				"LD_RUNPATH_SEARCH_PATHS[sdk=macosx*]" = "@executable_path/../Frameworks";
				MACOSX_DEPLOYMENT_TARGET = 13.6;
				MARKETING_VERSION = 1.0;
				PRODUCT_BUNDLE_IDENTIFIER = com.dylan.Datapilot;
				PRODUCT_NAME = "$(TARGET_NAME)";
				SDKROOT = auto;
				SUPPORTED_PLATFORMS = "iphoneos iphonesimulator macosx";
				SWIFT_EMIT_LOC_STRINGS = YES;
				SWIFT_VERSION = 5.0;
				TARGETED_DEVICE_FAMILY = "1,2";
			};
			name = Debug;
		};
		FCE969752B6B5F2000748A3A /* Release */ = {
			isa = XCBuildConfiguration;
			buildSettings = {
				ASSETCATALOG_COMPILER_APPICON_NAME = AppIcon;
				ASSETCATALOG_COMPILER_GLOBAL_ACCENT_COLOR_NAME = AccentColor;
				CODE_SIGN_ENTITLEMENTS = Datapilot/Datapilot.entitlements;
				CODE_SIGN_STYLE = Automatic;
				CURRENT_PROJECT_VERSION = 1;
				DEVELOPMENT_ASSET_PATHS = "\"Datapilot/Preview Content\"";
				DEVELOPMENT_TEAM = 6CW3378X23;
				ENABLE_HARDENED_RUNTIME = YES;
				ENABLE_PREVIEWS = YES;
				GENERATE_INFOPLIST_FILE = YES;
				"INFOPLIST_KEY_UIApplicationSceneManifest_Generation[sdk=iphoneos*]" = YES;
				"INFOPLIST_KEY_UIApplicationSceneManifest_Generation[sdk=iphonesimulator*]" = YES;
				"INFOPLIST_KEY_UIApplicationSupportsIndirectInputEvents[sdk=iphoneos*]" = YES;
				"INFOPLIST_KEY_UIApplicationSupportsIndirectInputEvents[sdk=iphonesimulator*]" = YES;
				"INFOPLIST_KEY_UILaunchScreen_Generation[sdk=iphoneos*]" = YES;
				"INFOPLIST_KEY_UILaunchScreen_Generation[sdk=iphonesimulator*]" = YES;
				"INFOPLIST_KEY_UIStatusBarStyle[sdk=iphoneos*]" = UIStatusBarStyleDefault;
				"INFOPLIST_KEY_UIStatusBarStyle[sdk=iphonesimulator*]" = UIStatusBarStyleDefault;
				INFOPLIST_KEY_UISupportedInterfaceOrientations_iPad = "UIInterfaceOrientationPortrait UIInterfaceOrientationPortraitUpsideDown UIInterfaceOrientationLandscapeLeft UIInterfaceOrientationLandscapeRight";
				INFOPLIST_KEY_UISupportedInterfaceOrientations_iPhone = "UIInterfaceOrientationPortrait UIInterfaceOrientationLandscapeLeft UIInterfaceOrientationLandscapeRight";
				IPHONEOS_DEPLOYMENT_TARGET = 16.0;
				LD_RUNPATH_SEARCH_PATHS = "@executable_path/Frameworks";
				"LD_RUNPATH_SEARCH_PATHS[sdk=macosx*]" = "@executable_path/../Frameworks";
				MACOSX_DEPLOYMENT_TARGET = 13.6;
				MARKETING_VERSION = 1.0;
				PRODUCT_BUNDLE_IDENTIFIER = com.dylan.Datapilot;
				PRODUCT_NAME = "$(TARGET_NAME)";
				SDKROOT = auto;
				SUPPORTED_PLATFORMS = "iphoneos iphonesimulator macosx";
				SWIFT_EMIT_LOC_STRINGS = YES;
				SWIFT_VERSION = 5.0;
				TARGETED_DEVICE_FAMILY = "1,2";
			};
			name = Release;
		};
/* End XCBuildConfiguration section */

/* Begin XCConfigurationList section */
		FC3284C72B7CEDE000DBBB5F /* Build configuration list for PBXNativeTarget "DatapilotTests" */ = {
			isa = XCConfigurationList;
			buildConfigurations = (
				FC3284C82B7CEDE000DBBB5F /* Debug */,
				FC3284C92B7CEDE000DBBB5F /* Release */,
			);
			defaultConfigurationIsVisible = 0;
			defaultConfigurationName = Release;
		};
		FCE9695F2B6B5F1A00748A3A /* Build configuration list for PBXProject "Datapilot" */ = {
			isa = XCConfigurationList;
			buildConfigurations = (
				FCE969712B6B5F2000748A3A /* Debug */,
				FCE969722B6B5F2000748A3A /* Release */,
			);
			defaultConfigurationIsVisible = 0;
			defaultConfigurationName = Release;
		};
		FCE969732B6B5F2000748A3A /* Build configuration list for PBXNativeTarget "Datapilot" */ = {
			isa = XCConfigurationList;
			buildConfigurations = (
				FCE969742B6B5F2000748A3A /* Debug */,
				FCE969752B6B5F2000748A3A /* Release */,
			);
			defaultConfigurationIsVisible = 0;
			defaultConfigurationName = Release;
		};
/* End XCConfigurationList section */

/* Begin XCLocalSwiftPackageReference section */
		FCE969762B6B92D000748A3A /* XCLocalSwiftPackageReference "../DylKit" */ = {
			isa = XCLocalSwiftPackageReference;
			relativePath = ../DylKit;
		};
/* End XCLocalSwiftPackageReference section */

/* Begin XCSwiftPackageProductDependency section */
		FCE969772B6B92D000748A3A /* DylKit */ = {
			isa = XCSwiftPackageProductDependency;
			productName = DylKit;
		};
/* End XCSwiftPackageProductDependency section */
	};
	rootObject = FCE9695C2B6B5F1A00748A3A /* Project object */;
}
